{
	"name": "@commonninja/create-nindo-app",
	"version": "1.0.0",
	"lockfileVersion": 1,
	"requires": true,
	"dependencies": {
		"ansi-colors": {
			"version": "4.1.1",
			"resolved": "https://registry.npmjs.org/ansi-colors/-/ansi-colors-4.1.1.tgz",
			"integrity": "sha512-JoX0apGbHaUJBNl6yF+p6JAFYZ666/hhCGKN5t9QFjbJQKUU/g8MNbFDbvfrgKXvI1QpZplPOnwIo99lX/AAmA=="
		},
		"enquirer": {
			"version": "2.3.6",
			"resolved": "https://registry.npmjs.org/enquirer/-/enquirer-2.3.6.tgz",
			"integrity": "sha512-yjNnPr315/FjS4zIsUxYguYUPP2e1NK4d7E7ZOLiyYCcbFBiTMyID+2wvm2w6+pZ/odMA7cRkjhsPbltwBOrLg==",
			"requires": {
				"ansi-colors": "^4.1.1"
			}
		},
		"execSync": {
			"version": "1.0.2",
			"resolved": "https://registry.npmjs.org/execSync/-/execSync-1.0.2.tgz",
			"integrity": "sha1-H0LtpYIiUYAFMiTs3T/Rlg/bMTk=",
			"requires": {
				"temp": "~0.5.1"
			}
		},
		"graceful-fs": {
			"version": "1.2.3",
			"resolved": "https://registry.npmjs.org/graceful-fs/-/graceful-fs-1.2.3.tgz",
			"integrity": "sha1-FaSAaldUfLLS2/J/QuiajDRRs2Q=",
			"optional": true
		},
		"inherits": {
			"version": "2.0.3",
			"resolved": "https://registry.npmjs.org/inherits/-/inherits-2.0.3.tgz",
			"integrity": "sha1-Yzwsg+PaQqUC9SRmAiSA9CCCYd4="
		},
		"kolorist": {
			"version": "1.5.1",
			"resolved": "https://registry.npmjs.org/kolorist/-/kolorist-1.5.1.tgz",
			"integrity": "sha512-lxpCM3HTvquGxKGzHeknB/sUjuVoUElLlfYnXZT73K8geR9jQbroGlSCFBax9/0mpGoD3kzcMLnOlGQPJJNyqQ=="
		},
		"minimist": {
			"version": "1.2.5",
			"resolved": "https://registry.npmjs.org/minimist/-/minimist-1.2.5.tgz",
			"integrity": "sha512-FM9nNUYrRBAELZQT3xeZQ7fmMOBg6nWNmJKTcgsJeaLstP/UODVpGsr5OhXhhXg6f+qtJ8uiZ+PUxkDWcgIXLw=="
		},
		"path": {
			"version": "0.12.7",
			"resolved": "https://registry.npmjs.org/path/-/path-0.12.7.tgz",
			"integrity": "sha1-1NwqUGxM4hl+tIHr/NWzbAFAsQ8=",
			"requires": {
				"process": "^0.11.1",
				"util": "^0.10.3"
			}
		},
		"process": {
			"version": "0.11.10",
			"resolved": "https://registry.npmjs.org/process/-/process-0.11.10.tgz",
			"integrity": "sha1-czIwDoQBYb2j5podHZGn1LwW8YI="
		},
		"rimraf": {
			"version": "2.1.4",
			"resolved": "https://registry.npmjs.org/rimraf/-/rimraf-2.1.4.tgz",
			"integrity": "sha1-Wm62Lu2gaPUe3lDymz5c0i89m7I=",
			"requires": {
				"graceful-fs": "~1"
			}
		},
		"temp": {
			"version": "0.5.1",
			"resolved": "https://registry.npmjs.org/temp/-/temp-0.5.1.tgz",
			"integrity": "sha1-d6sZx5qntZPL5PrCRBdoytmHuN8=",
			"requires": {
				"rimraf": "~2.1.4"
			}
		},
		"util": {
			"version": "0.10.4",
			"resolved": "https://registry.npmjs.org/util/-/util-0.10.4.tgz",
			"integrity": "sha512-0Pm9hTQ3se5ll1XihRic3FDIku70C+iHUdT/W926rSgHV5QgXsYbKZN8MSC3tJtSkhuROzvsQjAaFENRXr+19A==",
			"requires": {
				"inherits": "2.0.3"
			}
		}
	}
}
